github.com/barnybug/go-cast v0.0.0-20201201064555-a87ccbc26692 h1:JW4WZlqyaNWUUahfr7MigeDW6jmtam5cTzzo1lwsFhE=
github.com/barnybug/go-cast v0.0.0-20201201064555-a87ccbc26692/go.mod h1:Au0ipPuCBA7zsOC61SnyrYetm8VT3vo1UJtwHeYke44=
github.com/davecgh/go-spew v1.0.1-0.20160907170601-6d212800a42e h1:9EoM2C6YAkhnxTxG3LrAos2/KaALZdSNG5HTGPEEedE=
github.com/davecgh/go-spew v1.0.1-0.20160907170601-6d212800a42e/go.mod h1:J7Y8YcW2NihsgmVo/mv3lAwl/skON4iLHjSsI+c5H38=
github.com/evalphobia/google-home-client-go v0.2.1 h1:SgDbDl7tS9ebU1Suy3+wxHgrcTHv+sI37dLsVDXyrus=
github.com/evalphobia/google-home-client-go v0.2.1/go.mod h1:/vCjpVEbpPcaXP4r8NO4eejLFpxNtk2lGC5kDJVMimQ=
github.com/evalphobia/google-tts-go v0.3.0 h1:oE0wUXSsnLLj0Isz6P88fmfSOc078GreT0yj+RsWOGQ=
github.com/evalphobia/google-tts-go v0.3.0/go.mod h1:7Q5qLC9Y5eUrI7BiATXPnApxXkRtHCzOwsTw999jbcQ=
github.com/gogo/protobuf v0.0.0-20161014173244-50d1bd39ce4e h1:eeyMpoxANuWNQ9O2auv4wXxJsrXzLUhdHaOmNWEGkRY=
github.com/gogo/protobuf v0.0.0-20161014173244-50d1bd39ce4e/go.mod h1:r8qH/GZQm5c6nD/R0oafs1akxWv10x8SbQlK7atdtwQ=
github.com/google/uuid v1.3.0 h1:t6JiXgmwXMjEs8VusXIJk2BXHsn+wx8BZdTaoZ5fu7I=
github.com/google/uuid v1.3.0/go.mod h1:TIyPZe4MgqvfeYDBFedMoGGpEw/LqOeaOT+nhxU+yHo=
github.com/hashicorp/go.net v0.0.0-20151006203346-104dcad90073/go.mod h1:hjKkEWcCURg++eb33jQU7oqQcI9XDCnUzHA0oac0k90=
github.com/hashicorp/mdns v0.0.0-20151206042412-9d85cf22f9f8/go.mod h1:aa76Av3qgPeIQp9Y3qIkTBPieQYNkQ13Kxe7pze9Wb0=
github.com/line/line-bot-sdk-go v7.8.0+incompatible h1:Uf9/OxV0zCVfqyvwZPH8CrdiHXXmMRa/L91G3btQblQ=
github.com/line/line-bot-sdk-go v7.8.0+incompatible/go.mod h1:0RjLjJEAU/3GIcHkC3av6O4jInAbt25nnZVmOFUgDBg=
github.com/miekg/dns v0.0.0-20161006100029-fc4e1e2843d8/go.mod h1:W1PPwlIAgtquWBMBEV9nkV9Cazfe8ScdGz/Lj7v3Nrg=
github.com/pmezard/go-difflib v0.0.0-20151028094244-d8ed2627bdf0 h1:GD+A8+e+wFkqje55/2fOVnZPkoDIu1VooBWfNrnY8Uo=
github.com/pmezard/go-difflib v0.0.0-20151028094244-d8ed2627bdf0/go.mod h1:iKH77koFhYxTK1pcRnkKkqfTogsbg7gZNVY4sRDYZ/4=
github.com/sashabaranov/go-openai v1.6.1 h1:cALA9G00gPapNqun8vVBFGsDssywpU6wys4BpQ0bWqY=
github.com/sashabaranov/go-openai v1.6.1/go.mod h1:lj5b/K+zjTSFxVLijLSTDZuP7adOgerWeFyZLUhAKRg=
github.com/stretchr/testify v1.1.5-0.20160925220609-976c720a22c8 h1:f4Xo/Dhbk4mbPFN+QqSzSsXt1bK2fMLqpMY+Jx6AR6A=
github.com/stretchr/testify v1.1.5-0.20160925220609-976c720a22c8/go.mod h1:a8OnRcib4nhh0OaRAV+Yts87kKdq0PP7pXfy6kDkUVs=
github.com/tcolgate/mp3 v0.0.0-20170426193717-e79c5a46d300 h1:XQdibLKagjdevRB6vAjVY4qbSr8rQ610YzTkWcxzxSI=
github.com/tcolgate/mp3 v0.0.0-20170426193717-e79c5a46d300/go.mod h1:FNa/dfN95vAYCNFrIKRrlRo+MBLbwmR9Asa5f2ljmBI=
github.com/urfave/cli v1.20.0/go.mod h1:70zkFmudgCuE/ngEzBv17Jvp/497gISqfk5gWijbERA=
golang.org/x/net v0.0.0-20161013035702-8b4af36cd21a h1:YEFEcqrj8fWeC0px2Ha5IrK20xodii3wn+N+jzuFRKQ=
golang.org/x/net v0.0.0-20161013035702-8b4af36cd21a/go.mod h1:mL1N/T3taQHkDXs73rZJwtUhF3w3ftmwwsq0BUmARs4=
